
Microsoft Visual Studio Solution File, Format Version 12.00
# Visual Studio Version 16
VisualStudioVersion = 16.0.31005.135
MinimumVisualStudioVersion = 10.0.40219.1
Project("{9A19103F-16F7-4668-BE54-9A1E7A4F7556}") = "SLIIT.MTIT.HospitalService.Patient", "SLIIT.MTIT.HospitalService.Patient.csproj", "{A9B78CB1-F8F1-44B2-89B3-67260885FFB9}"
EndProject
Project("{9A19103F-16F7-4668-BE54-9A1E7A4F7556}") = "SLIIT.MTIT.Hospital.Client", "..\SLIIT.MTIT.Hospital.Client\SLIIT.MTIT.Hospital.Client.csproj", "{D5E35830-AE59-48B8-AC2A-C49ADCFE2CE9}"
EndProject
Project("{FAE04EC0-301F-11D3-BF4B-00C04F79EFBC}") = "SLIIT.MTIT.HospitalService.StaffManagment", "..\SLIIT.MTIT.HospitalService.StaffManagment\SLIIT.MTIT.HospitalService.StaffManagment.csproj", "{878B649D-1D39-4806-8847-2FCDEDACAB44}"
EndProject
Global
	GlobalSection(SolutionConfigurationPlatforms) = preSolution
		Debug|Any CPU = Debug|Any CPU
		Release|Any CPU = Release|Any CPU
	EndGlobalSection
	GlobalSection(ProjectConfigurationPlatforms) = postSolution
		{A9B78CB1-F8F1-44B2-89B3-67260885FFB9}.Debug|Any CPU.ActiveCfg = Debug|Any CPU
		{A9B78CB1-F8F1-44B2-89B3-67260885FFB9}.Debug|Any CPU.Build.0 = Debug|Any CPU
		{A9B78CB1-F8F1-44B2-89B3-67260885FFB9}.Release|Any CPU.ActiveCfg = Release|Any CPU
		{A9B78CB1-F8F1-44B2-89B3-67260885FFB9}.Release|Any CPU.Build.0 = Release|Any CPU
		{D5E35830-AE59-48B8-AC2A-C49ADCFE2CE9}.Debug|Any CPU.ActiveCfg = Debug|Any CPU
		{D5E35830-AE59-48B8-AC2A-C49ADCFE2CE9}.Debug|Any CPU.Build.0 = Debug|Any CPU
		{D5E35830-AE59-48B8-AC2A-C49ADCFE2CE9}.Release|Any CPU.ActiveCfg = Release|Any CPU
		{D5E35830-AE59-48B8-AC2A-C49ADCFE2CE9}.Release|Any CPU.Build.0 = Release|Any CPU
		{878B649D-1D39-4806-8847-2FCDEDACAB44}.Debug|Any CPU.ActiveCfg = Debug|Any CPU
		{878B649D-1D39-4806-8847-2FCDEDACAB44}.Debug|Any CPU.Build.0 = Debug|Any CPU
		{878B649D-1D39-4806-8847-2FCDEDACAB44}.Release|Any CPU.ActiveCfg = Release|Any CPU
		{878B649D-1D39-4806-8847-2FCDEDACAB44}.Release|Any CPU.Build.0 = Release|Any CPU
	EndGlobalSection
	GlobalSection(SolutionProperties) = preSolution
		HideSolutionNode = FALSE
	EndGlobalSection
	GlobalSection(ExtensibilityGlobals) = postSolution
		SolutionGuid = {1B59D4BF-6385-4777-A945-9CCDF1B31536}
	EndGlobalSection
EndGlobal
